
Microsoft Visual Studio Solution File, Format Version 12.00
# Visual Studio Version 17
VisualStudioVersion = 17.5.33414.496
MinimumVisualStudioVersion = 10.0.40219.1
Project("{FAE04EC0-301F-11D3-BF4B-00C04F79EFBC}") = "kyklibrary", "kyklibrary.csproj", "{62AE002D-A4BA-4576-9C6F-29D14ACD7692}"
EndProject
Global
	GlobalSection(SolutionConfigurationPlatforms) = preSolution
		Debug|Any CPU = Debug|Any CPU
		Release|Any CPU = Release|Any CPU
	EndGlobalSection
	GlobalSection(ProjectConfigurationPlatforms) = postSolution
		{62AE002D-A4BA-4576-9C6F-29D14ACD7692}.Debug|Any CPU.ActiveCfg = Debug|Any CPU
		{62AE002D-A4BA-4576-9C6F-29D14ACD7692}.Debug|Any CPU.Build.0 = Debug|Any CPU
		{62AE002D-A4BA-4576-9C6F-29D14ACD7692}.Release|Any CPU.ActiveCfg = Release|Any CPU
		{62AE002D-A4BA-4576-9C6F-29D14ACD7692}.Release|Any CPU.Build.0 = Release|Any CPU
	EndGlobalSection
	GlobalSection(SolutionProperties) = preSolution
		HideSolutionNode = FALSE
	EndGlobalSection
	GlobalSection(ExtensibilityGlobals) = postSolution
		SolutionGuid = {8CD01455-89D6-4DE5-B4A6-61B39795AE2C}
	EndGlobalSection
EndGlobal
